{
  "nodes": {
    "flake-utils": {
      "locked": {
        "lastModified": 1659877975,
        "narHash": "sha256-zllb8aq3YO3h8B/U0/J1WBgAL8EX5yWf5pMj3G0NAmc=",
        "owner": "numtide",
        "repo": "flake-utils",
        "rev": "c0e246b9b83f637f4681389ecabcb2681b4f3af0",
        "type": "github"
      },
      "original": {
        "owner": "numtide",
        "repo": "flake-utils",
        "type": "github"
      }
    },
    "nixpkgs": {
      "locked": {
        "lastModified": 1660819943,
        "narHash": "sha256-TRZV/mlW1eYuojqDC3ueYWj7jsTKXJCtyMLNYX/Ybtw=",
        "owner": "nixos",
        "repo": "nixpkgs",
        "rev": "8ea014acc33da95ea56c902229957d8225005163",
        "type": "github"
      },
      "original": {
        "owner": "nixos",
        "ref": "nixos-unstable",
        "repo": "nixpkgs",
        "type": "github"
      }
    },
    "root": {
      "inputs": {
        "flake-utils": "flake-utils",
        "nixpkgs": "nixpkgs",
        "tezos_release": "tezos_release",
        "tezos_trunk": "tezos_trunk"
      }
    },
    "tezos_release": {
      "flake": false,
      "locked": {
        "lastModified": 1659347743,
        "narHash": "sha256-kc0Q+2crcj0P4iWJBpOzD6ww3kDExmujyIUSJj+iEH8=",
        "owner": "tezos",
        "repo": "tezos",
        "rev": "4ca331940db0b62ab98ad14d7c032db292879805",
        "type": "gitlab"
      },
      "original": {
        "owner": "tezos",
        "ref": "v14.0",
        "repo": "tezos",
        "type": "gitlab"
      }
    },
    "tezos_trunk": {
      "flake": false,
      "locked": {
        "lastModified": 1660903049,
        "narHash": "sha256-HuKOhg2YnAcYRMDCD1B9CRF1MeYdVnNPr1ny/FyFP3U=",
        "owner": "tezos",
        "repo": "tezos",
        "rev": "67068eb5418f2a6e75e0e1cfd47b2bdea89d66b2",
        "type": "gitlab"
      },
      "original": {
        "owner": "tezos",
        "repo": "tezos",
        "type": "gitlab"
      }
    }
  },
  "root": "root",
  "version": 7
}
