{
  "nodes": {
    "flake-utils": {
      "locked": {
        "lastModified": 1653893745,
        "narHash": "sha256-0jntwV3Z8//YwuOjzhV2sgJJPt+HY6KhU7VZUL0fKZQ=",
        "owner": "numtide",
        "repo": "flake-utils",
        "rev": "1ed9fb1935d260de5fe1c2f7ee0ebaae17ed2fa1",
        "type": "github"
      },
      "original": {
        "owner": "numtide",
        "repo": "flake-utils",
        "type": "github"
      }
    },
    "nixpkgs": {
      "locked": {
        "lastModified": 1656239181,
        "narHash": "sha256-wW1xRFBn376yGloXZ4QzBE4hjipMawpV18Lshd9QSPw=",
        "owner": "nixos",
        "repo": "nixpkgs",
        "rev": "f2537a505d45c31fe5d9c27ea9829b6f4c4e6ac5",
        "type": "github"
      },
      "original": {
        "owner": "nixos",
        "ref": "nixos-unstable",
        "repo": "nixpkgs",
        "type": "github"
      }
    },
    "root": {
      "inputs": {
        "flake-utils": "flake-utils",
        "nixpkgs": "nixpkgs",
        "tezos_release": "tezos_release",
        "tezos_trunk": "tezos_trunk"
      }
    },
    "tezos_release": {
      "flake": false,
      "locked": {
        "lastModified": 1651744524,
        "narHash": "sha256-AEY/m3c+6Yo/gqzO+4vzExQ20ICleIUsSFO1qWTO/OI=",
        "owner": "tezos",
        "repo": "tezos",
        "rev": "cb9f439e58c761e76ade589d1cdbd2abb737dc68",
        "type": "gitlab"
      },
      "original": {
        "owner": "tezos",
        "ref": "v13.0",
        "repo": "tezos",
        "type": "gitlab"
      }
    },
    "tezos_trunk": {
      "flake": false,
      "locked": {
        "lastModified": 1656392879,
        "narHash": "sha256-YZUG8WTEvRPWCU8Qmq5y9As1Bivn3tleKECcZaCmE28=",
        "owner": "tezos",
        "repo": "tezos",
        "rev": "198d51644b331c1ae1b1939df52e3eeb0a1c1802",
        "type": "gitlab"
      },
      "original": {
        "owner": "tezos",
        "repo": "tezos",
        "type": "gitlab"
      }
    }
  },
  "root": "root",
  "version": 7
}
